// !$*UTF8*$!
{
	archiveVersion = 1;
	classes = {
	};
	objectVersion = 56;
	objects = {

/* Begin PBXBuildFile section */
		D0624A5288C6197543CD446B /* ContentView.swift in Sources */ = {isa = PBXBuildFile; fileRef = EC4D074BDD86422AB1D12D96 /* ContentView.swift */; };
		0531D1CDB89947DB699BBC79 /* TripNestApp.swift in Sources */ = {isa = PBXBuildFile; fileRef = A93A8C19874F8F843A6A1848 /* TripNestApp.swift */; };
		F7009A8AF3ECE62C36D62275 /* APIClient.swift in Sources */ = {isa = PBXBuildFile; fileRef = 47B6913B481B86BD08320723 /* APIClient.swift */; };
		A8C4CE07874442766B18D19C /* APIEndpoint.swift in Sources */ = {isa = PBXBuildFile; fileRef = 3B55D337E7D75D3BAF36C46E /* APIEndpoint.swift */; };
		D7982D019F65D0B246E24AE7 /* NetworkError.swift in Sources */ = {isa = PBXBuildFile; fileRef = 02D10EBE10E24F244B7B50D1 /* NetworkError.swift */; };
		A0157669FA55BFD60A3446C9 /* KeychainManager.swift in Sources */ = {isa = PBXBuildFile; fileRef = 58444CD28B19ED6707B2533A /* KeychainManager.swift */; };
		59FB540B5E70B39A8C41AF34 /* ViewExtensions.swift in Sources */ = {isa = PBXBuildFile; fileRef = F2CA93D3F11D595482EDAC06 /* ViewExtensions.swift */; };
		22B23E0A7561AA516FE698F5 /* AuthResponse.swift in Sources */ = {isa = PBXBuildFile; fileRef = 3A2B5A303BFD724A5DAEEBBF /* AuthResponse.swift */; };
		ADD97F67F72E404218E4CB54 /* Listing.swift in Sources */ = {isa = PBXBuildFile; fileRef = 7489B54CF719B618727812C2 /* Listing.swift */; };
		68FB4556F13940AD4AB4FEF3 /* Review.swift in Sources */ = {isa = PBXBuildFile; fileRef = 5EBBE46B5964E17958AC8099 /* Review.swift */; };
		E4CA63EB333C07E3BE27F844 /* User.swift in Sources */ = {isa = PBXBuildFile; fileRef = 8C283DEC353FE809EF84BE9C /* User.swift */; };
		999C6545F1B996844FDC02A0 /* AuthRepository.swift in Sources */ = {isa = PBXBuildFile; fileRef = D5A6FF1D18A0F6F64AC7F7B2 /* AuthRepository.swift */; };
		54BE310109477D83FF4607C7 /* ImageRepository.swift in Sources */ = {isa = PBXBuildFile; fileRef = 8612529DBD4599F18DA24779 /* ImageRepository.swift */; };
		003B3D471A4F0FF99FBBC6E6 /* ListingRepository.swift in Sources */ = {isa = PBXBuildFile; fileRef = F22430C9092D302EA9FF5E01 /* ListingRepository.swift */; };
		F543B21D2392C674F756CA51 /* ReviewRepository.swift in Sources */ = {isa = PBXBuildFile; fileRef = 7F48418F8D276C3A27B4F3BF /* ReviewRepository.swift */; };
		3A1E26D81A6BE3D0B11A06F6 /* AuthViewModel.swift in Sources */ = {isa = PBXBuildFile; fileRef = 6DF5FB3D7D04F7F954307DAB /* AuthViewModel.swift */; };
		E1C45F17253A76E14650FBD0 /* CreateListingViewModel.swift in Sources */ = {isa = PBXBuildFile; fileRef = C741F49EB3173A06DCC7742B /* CreateListingViewModel.swift */; };
		FDB214478610F3D0BCC50393 /* ListingDetailViewModel.swift in Sources */ = {isa = PBXBuildFile; fileRef = 47A9FB2F0BBC2F3D5A39C767 /* ListingDetailViewModel.swift */; };
		856F8505A2495FD1DF22A35D /* ListingListViewModel.swift in Sources */ = {isa = PBXBuildFile; fileRef = B3AB220699CEA8C1F16E8614 /* ListingListViewModel.swift */; };
		0193B9EE49FB52E22B936C5C /* ReviewViewModel.swift in Sources */ = {isa = PBXBuildFile; fileRef = E178720E7BA7A3C831DF74F4 /* ReviewViewModel.swift */; };
		C4C26A061761CB65426FDA9B /* LoginView.swift in Sources */ = {isa = PBXBuildFile; fileRef = 3ABAE2A7546F0538E6330AD9 /* LoginView.swift */; };
		2D2E1A3B56F7AE0C4FD30F84 /* RegisterView.swift in Sources */ = {isa = PBXBuildFile; fileRef = B5AB665A7892A687556AB169 /* RegisterView.swift */; };
		4E9EF7821D693D7A0EE002A1 /* CreateListingView.swift in Sources */ = {isa = PBXBuildFile; fileRef = D18AF79E954F82B39EC41BEA /* CreateListingView.swift */; };
		08063A87DA2581A56B2B4CA5 /* ImageCarouselView.swift in Sources */ = {isa = PBXBuildFile; fileRef = EFBB022B49221A982A0A27FE /* ImageCarouselView.swift */; };
		A51FC03998D5E3591CA0E981 /* ListingDetailView.swift in Sources */ = {isa = PBXBuildFile; fileRef = 99D34AFA82B3B4027A8E3C23 /* ListingDetailView.swift */; };
		936E6836C945CC49C8E4FB3F /* ReviewRowView.swift in Sources */ = {isa = PBXBuildFile; fileRef = 59026661466616FE8B5ED64E /* ReviewRowView.swift */; };
		B46B1E20E83581399B1CBEC4 /* HomeView.swift in Sources */ = {isa = PBXBuildFile; fileRef = 65BA19AF3C5EE5E553C61518 /* HomeView.swift */; };
		12A41568476E88EB98DEF01E /* ListingCardView.swift in Sources */ = {isa = PBXBuildFile; fileRef = C463BC64851566FC70D2933F /* ListingCardView.swift */; };
		A10564B70A1D8ED407D46EBA /* ListingsMapView.swift in Sources */ = {isa = PBXBuildFile; fileRef = 1AD2F00A3A7B9D25B11C8372 /* ListingsMapView.swift */; };
		FA46E6618C0B76BDCAC563DB /* ProfileView.swift in Sources */ = {isa = PBXBuildFile; fileRef = 1D5282AA7022566D3F03F36D /* ProfileView.swift */; };
/* End PBXBuildFile section */

/* Begin PBXFileReference section */
		EC4D074BDD86422AB1D12D96 /* ContentView.swift */ = {isa = PBXFileReference; lastKnownFileType = sourcecode.swift; name = "ContentView.swift"; path = "App/ContentView.swift"; sourceTree = "<group>"; };
		A93A8C19874F8F843A6A1848 /* TripNestApp.swift */ = {isa = PBXFileReference; lastKnownFileType = sourcecode.swift; name = "TripNestApp.swift"; path = "App/TripNestApp.swift"; sourceTree = "<group>"; };
		47B6913B481B86BD08320723 /* APIClient.swift */ = {isa = PBXFileReference; lastKnownFileType = sourcecode.swift; name = "APIClient.swift"; path = "Core/Network/APIClient.swift"; sourceTree = "<group>"; };
		3B55D337E7D75D3BAF36C46E /* APIEndpoint.swift */ = {isa = PBXFileReference; lastKnownFileType = sourcecode.swift; name = "APIEndpoint.swift"; path = "Core/Network/APIEndpoint.swift"; sourceTree = "<group>"; };
		02D10EBE10E24F244B7B50D1 /* NetworkError.swift */ = {isa = PBXFileReference; lastKnownFileType = sourcecode.swift; name = "NetworkError.swift"; path = "Core/Network/NetworkError.swift"; sourceTree = "<group>"; };
		58444CD28B19ED6707B2533A /* KeychainManager.swift */ = {isa = PBXFileReference; lastKnownFileType = sourcecode.swift; name = "KeychainManager.swift"; path = "Core/Storage/KeychainManager.swift"; sourceTree = "<group>"; };
		F2CA93D3F11D595482EDAC06 /* ViewExtensions.swift */ = {isa = PBXFileReference; lastKnownFileType = sourcecode.swift; name = "ViewExtensions.swift"; path = "Core/ViewExtensions.swift"; sourceTree = "<group>"; };
		3A2B5A303BFD724A5DAEEBBF /* AuthResponse.swift */ = {isa = PBXFileReference; lastKnownFileType = sourcecode.swift; name = "AuthResponse.swift"; path = "Models/AuthResponse.swift"; sourceTree = "<group>"; };
		7489B54CF719B618727812C2 /* Listing.swift */ = {isa = PBXFileReference; lastKnownFileType = sourcecode.swift; name = "Listing.swift"; path = "Models/Listing.swift"; sourceTree = "<group>"; };
		5EBBE46B5964E17958AC8099 /* Review.swift */ = {isa = PBXFileReference; lastKnownFileType = sourcecode.swift; name = "Review.swift"; path = "Models/Review.swift"; sourceTree = "<group>"; };
		8C283DEC353FE809EF84BE9C /* User.swift */ = {isa = PBXFileReference; lastKnownFileType = sourcecode.swift; name = "User.swift"; path = "Models/User.swift"; sourceTree = "<group>"; };
		D5A6FF1D18A0F6F64AC7F7B2 /* AuthRepository.swift */ = {isa = PBXFileReference; lastKnownFileType = sourcecode.swift; name = "AuthRepository.swift"; path = "Repositories/AuthRepository.swift"; sourceTree = "<group>"; };
		8612529DBD4599F18DA24779 /* ImageRepository.swift */ = {isa = PBXFileReference; lastKnownFileType = sourcecode.swift; name = "ImageRepository.swift"; path = "Repositories/ImageRepository.swift"; sourceTree = "<group>"; };
		F22430C9092D302EA9FF5E01 /* ListingRepository.swift */ = {isa = PBXFileReference; lastKnownFileType = sourcecode.swift; name = "ListingRepository.swift"; path = "Repositories/ListingRepository.swift"; sourceTree = "<group>"; };
		7F48418F8D276C3A27B4F3BF /* ReviewRepository.swift */ = {isa = PBXFileReference; lastKnownFileType = sourcecode.swift; name = "ReviewRepository.swift"; path = "Repositories/ReviewRepository.swift"; sourceTree = "<group>"; };
		6DF5FB3D7D04F7F954307DAB /* AuthViewModel.swift */ = {isa = PBXFileReference; lastKnownFileType = sourcecode.swift; name = "AuthViewModel.swift"; path = "ViewModels/AuthViewModel.swift"; sourceTree = "<group>"; };
		C741F49EB3173A06DCC7742B /* CreateListingViewModel.swift */ = {isa = PBXFileReference; lastKnownFileType = sourcecode.swift; name = "CreateListingViewModel.swift"; path = "ViewModels/CreateListingViewModel.swift"; sourceTree = "<group>"; };
		47A9FB2F0BBC2F3D5A39C767 /* ListingDetailViewModel.swift */ = {isa = PBXFileReference; lastKnownFileType = sourcecode.swift; name = "ListingDetailViewModel.swift"; path = "ViewModels/ListingDetailViewModel.swift"; sourceTree = "<group>"; };
		B3AB220699CEA8C1F16E8614 /* ListingListViewModel.swift */ = {isa = PBXFileReference; lastKnownFileType = sourcecode.swift; name = "ListingListViewModel.swift"; path = "ViewModels/ListingListViewModel.swift"; sourceTree = "<group>"; };
		E178720E7BA7A3C831DF74F4 /* ReviewViewModel.swift */ = {isa = PBXFileReference; lastKnownFileType = sourcecode.swift; name = "ReviewViewModel.swift"; path = "ViewModels/ReviewViewModel.swift"; sourceTree = "<group>"; };
		3ABAE2A7546F0538E6330AD9 /* LoginView.swift */ = {isa = PBXFileReference; lastKnownFileType = sourcecode.swift; name = "LoginView.swift"; path = "Views/Auth/LoginView.swift"; sourceTree = "<group>"; };
		B5AB665A7892A687556AB169 /* RegisterView.swift */ = {isa = PBXFileReference; lastKnownFileType = sourcecode.swift; name = "RegisterView.swift"; path = "Views/Auth/RegisterView.swift"; sourceTree = "<group>"; };
		D18AF79E954F82B39EC41BEA /* CreateListingView.swift */ = {isa = PBXFileReference; lastKnownFileType = sourcecode.swift; name = "CreateListingView.swift"; path = "Views/Create/CreateListingView.swift"; sourceTree = "<group>"; };
		EFBB022B49221A982A0A27FE /* ImageCarouselView.swift */ = {isa = PBXFileReference; lastKnownFileType = sourcecode.swift; name = "ImageCarouselView.swift"; path = "Views/Detail/ImageCarouselView.swift"; sourceTree = "<group>"; };
		99D34AFA82B3B4027A8E3C23 /* ListingDetailView.swift */ = {isa = PBXFileReference; lastKnownFileType = sourcecode.swift; name = "ListingDetailView.swift"; path = "Views/Detail/ListingDetailView.swift"; sourceTree = "<group>"; };
		59026661466616FE8B5ED64E /* ReviewRowView.swift */ = {isa = PBXFileReference; lastKnownFileType = sourcecode.swift; name = "ReviewRowView.swift"; path = "Views/Detail/ReviewRowView.swift"; sourceTree = "<group>"; };
		65BA19AF3C5EE5E553C61518 /* HomeView.swift */ = {isa = PBXFileReference; lastKnownFileType = sourcecode.swift; name = "HomeView.swift"; path = "Views/Home/HomeView.swift"; sourceTree = "<group>"; };
		C463BC64851566FC70D2933F /* ListingCardView.swift */ = {isa = PBXFileReference; lastKnownFileType = sourcecode.swift; name = "ListingCardView.swift"; path = "Views/Home/ListingCardView.swift"; sourceTree = "<group>"; };
		1AD2F00A3A7B9D25B11C8372 /* ListingsMapView.swift */ = {isa = PBXFileReference; lastKnownFileType = sourcecode.swift; name = "ListingsMapView.swift"; path = "Views/Map/ListingsMapView.swift"; sourceTree = "<group>"; };
		1D5282AA7022566D3F03F36D /* ProfileView.swift */ = {isa = PBXFileReference; lastKnownFileType = sourcecode.swift; name = "ProfileView.swift"; path = "Views/Profile/ProfileView.swift"; sourceTree = "<group>"; };
		DF798B7C2C8D40578AFEB040 /* TripNest.app */ = {isa = PBXFileReference; explicitFileType = wrapper.application; includeInIndex = 0; path = TripNest.app; sourceTree = BUILT_PRODUCTS_DIR; };
/* End PBXFileReference section */

/* Begin PBXFrameworksBuildPhase section */
		DF798B782C8D40578AFEB040 /* Frameworks */ = {
			isa = PBXFrameworksBuildPhase;
			buildActionMask = 2147483647;
			files = (
			);
			runOnlyForDeploymentPostprocessing = 0;
		};
/* End PBXFrameworksBuildPhase section */

/* Begin PBXGroup section */
		DF798B7A2C8D40578AFEB040 /* TripNest */ = {
			isa = PBXGroup;
			children = (
				35091BE841BD9A989401D204 /* App */,
				9EB4AAD7525C7F4462F69841 /* Core */,
				B435A2403B0B54834BFE0FA4 /* Models */,
				314C1C02C37CB99B090A2EE5 /* Repositories */,
				F02C177E11B2C4FC8551E5D9 /* ViewModels */,
				0A42C7ECA79452471DB9E079 /* Views */,
				DF798B7B2C8D40578AFEB040 /* Products */,
			);
			
			
			sourceTree = "<group>";
		};
		35091BE841BD9A989401D204 /* App */ = {
			isa = PBXGroup;
			children = (
				EC4D074BDD86422AB1D12D96 /* ContentView.swift */,
				A93A8C19874F8F843A6A1848 /* TripNestApp.swift */,
			);
			name = "App";
			path = "App";
			sourceTree = "<group>";
		};
		9EB4AAD7525C7F4462F69841 /* Core */ = {
			isa = PBXGroup;
			children = (
				75AFEF282D4FD31EBB1C43A2 /* Network */,
				AF40BB637E24B6A4F39027D0 /* Storage */,
				F2CA93D3F11D595482EDAC06 /* ViewExtensions.swift */,
			);
			name = "Core";
			path = "Core";
			sourceTree = "<group>";
		};
		75AFEF282D4FD31EBB1C43A2 /* Network */ = {
			isa = PBXGroup;
			children = (
				47B6913B481B86BD08320723 /* APIClient.swift */,
				3B55D337E7D75D3BAF36C46E /* APIEndpoint.swift */,
				02D10EBE10E24F244B7B50D1 /* NetworkError.swift */,
			);
			name = "Network";
			path = "Network";
			sourceTree = "<group>";
		};
		AF40BB637E24B6A4F39027D0 /* Storage */ = {
			isa = PBXGroup;
			children = (
				58444CD28B19ED6707B2533A /* KeychainManager.swift */,
			);
			name = "Storage";
			path = "Storage";
			sourceTree = "<group>";
		};
		B435A2403B0B54834BFE0FA4 /* Models */ = {
			isa = PBXGroup;
			children = (
				3A2B5A303BFD724A5DAEEBBF /* AuthResponse.swift */,
				7489B54CF719B618727812C2 /* Listing.swift */,
				5EBBE46B5964E17958AC8099 /* Review.swift */,
				8C283DEC353FE809EF84BE9C /* User.swift */,
			);
			name = "Models";
			path = "Models";
			sourceTree = "<group>";
		};
		314C1C02C37CB99B090A2EE5 /* Repositories */ = {
			isa = PBXGroup;
			children = (
				D5A6FF1D18A0F6F64AC7F7B2 /* AuthRepository.swift */,
				8612529DBD4599F18DA24779 /* ImageRepository.swift */,
				F22430C9092D302EA9FF5E01 /* ListingRepository.swift */,
				7F48418F8D276C3A27B4F3BF /* ReviewRepository.swift */,
			);
			name = "Repositories";
			path = "Repositories";
			sourceTree = "<group>";
		};
		F02C177E11B2C4FC8551E5D9 /* ViewModels */ = {
			isa = PBXGroup;
			children = (
				6DF5FB3D7D04F7F954307DAB /* AuthViewModel.swift */,
				C741F49EB3173A06DCC7742B /* CreateListingViewModel.swift */,
				47A9FB2F0BBC2F3D5A39C767 /* ListingDetailViewModel.swift */,
				B3AB220699CEA8C1F16E8614 /* ListingListViewModel.swift */,
				E178720E7BA7A3C831DF74F4 /* ReviewViewModel.swift */,
			);
			name = "ViewModels";
			path = "ViewModels";
			sourceTree = "<group>";
		};
		0A42C7ECA79452471DB9E079 /* Views */ = {
			isa = PBXGroup;
			children = (
				9D5BF84D86FEA5BF6411C8BC /* Auth */,
				4393B002CE93DF4309D33FE8 /* Create */,
				36BB98859C1F5F883F17E121 /* Detail */,
				72B0BCE8D6E183724C8E069C /* Home */,
				999AE51772A65CC436FDF7DD /* Map */,
				67AB0CE9DE114D3587151631 /* Profile */,
			);
			name = "Views";
			path = "Views";
			sourceTree = "<group>";
		};
		9D5BF84D86FEA5BF6411C8BC /* Auth */ = {
			isa = PBXGroup;
			children = (
				3ABAE2A7546F0538E6330AD9 /* LoginView.swift */,
				B5AB665A7892A687556AB169 /* RegisterView.swift */,
			);
			name = "Auth";
			path = "Auth";
			sourceTree = "<group>";
		};
		4393B002CE93DF4309D33FE8 /* Create */ = {
			isa = PBXGroup;
			children = (
				D18AF79E954F82B39EC41BEA /* CreateListingView.swift */,
			);
			name = "Create";
			path = "Create";
			sourceTree = "<group>";
		};
		36BB98859C1F5F883F17E121 /* Detail */ = {
			isa = PBXGroup;
			children = (
				EFBB022B49221A982A0A27FE /* ImageCarouselView.swift */,
				99D34AFA82B3B4027A8E3C23 /* ListingDetailView.swift */,
				59026661466616FE8B5ED64E /* ReviewRowView.swift */,
			);
			name = "Detail";
			path = "Detail";
			sourceTree = "<group>";
		};
		72B0BCE8D6E183724C8E069C /* Home */ = {
			isa = PBXGroup;
			children = (
				65BA19AF3C5EE5E553C61518 /* HomeView.swift */,
				C463BC64851566FC70D2933F /* ListingCardView.swift */,
			);
			name = "Home";
			path = "Home";
			sourceTree = "<group>";
		};
		999AE51772A65CC436FDF7DD /* Map */ = {
			isa = PBXGroup;
			children = (
				1AD2F00A3A7B9D25B11C8372 /* ListingsMapView.swift */,
			);
			name = "Map";
			path = "Map";
			sourceTree = "<group>";
		};
		67AB0CE9DE114D3587151631 /* Profile */ = {
			isa = PBXGroup;
			children = (
				1D5282AA7022566D3F03F36D /* ProfileView.swift */,
			);
			name = "Profile";
			path = "Profile";
			sourceTree = "<group>";
		};
		DF798B7B2C8D40578AFEB040 /* Products */ = {
			isa = PBXGroup;
			children = (
				DF798B7C2C8D40578AFEB040 /* TripNest.app */,
			);
			name = Products;
			sourceTree = "<group>";
		};
/* End PBXGroup section */

/* Begin PBXNativeTarget section */
		DF798B762C8D40578AFEB040 /* TripNest */ = {
			isa = PBXNativeTarget;
			buildConfigurationList = DF798B7E2C8D40578AFEB040 /* Build configuration list for PBXNativeTarget "TripNest" */;
			buildPhases = (
				DF798B772C8D40578AFEB040 /* Sources */,
				DF798B782C8D40578AFEB040 /* Frameworks */,
				DF798B792C8D40578AFEB040 /* Resources */,
			);
			buildRules = (
			);
			dependencies = (
			);
			name = TripNest;
			productName = TripNest;
			productReference = DF798B7C2C8D40578AFEB040 /* TripNest.app */;
			productType = "com.apple.product-type.application";
		};
/* End PBXNativeTarget section */

/* Begin PBXProject section */
		DF798B752C8D40578AFEB040 /* Project object */ = {
			isa = PBXProject;
			attributes = {
				BuildIndependentTargetsInParallel = 1;
				LastSwiftUpdateCheck = 1500;
				LastUpgradeCheck = 1500;
				TargetAttributes = {
					DF798B762C8D40578AFEB040 = {
						CreatedOnToolsVersion = 15.0;
					};
				};
			};
			buildConfigurationList = DF798B7D2C8D40578AFEB040 /* Build configuration list for PBXProject "TripNest" */;
			compatibilityVersion = "Xcode 14.0";
			developmentRegion = en;
			hasScannedForEncodings = 0;
			knownRegions = (
				en,
				Base,
			);
			mainGroup = DF798B7A2C8D40578AFEB040 /* TripNest */;
			productRefGroup = DF798B7B2C8D40578AFEB040 /* Products */;
			projectDirPath = "";
			projectRoot = "";
			targets = (
				DF798B762C8D40578AFEB040 /* TripNest */,
			);
		};
/* End PBXProject section */

/* Begin PBXResourcesBuildPhase section */
		DF798B792C8D40578AFEB040 /* Resources */ = {
			isa = PBXResourcesBuildPhase;
			buildActionMask = 2147483647;
			files = (
			);
			runOnlyForDeploymentPostprocessing = 0;
		};
/* End PBXResourcesBuildPhase section */

		DF798B772C8D40578AFEB040 /* Sources */ = {
			isa = PBXSourcesBuildPhase;
			buildActionMask = 2147483647;
			files = (
				D0624A5288C6197543CD446B /* ContentView.swift in Sources */,
				0531D1CDB89947DB699BBC79 /* TripNestApp.swift in Sources */,
				F7009A8AF3ECE62C36D62275 /* APIClient.swift in Sources */,
				A8C4CE07874442766B18D19C /* APIEndpoint.swift in Sources */,
				D7982D019F65D0B246E24AE7 /* NetworkError.swift in Sources */,
				A0157669FA55BFD60A3446C9 /* KeychainManager.swift in Sources */,
				59FB540B5E70B39A8C41AF34 /* ViewExtensions.swift in Sources */,
				22B23E0A7561AA516FE698F5 /* AuthResponse.swift in Sources */,
				ADD97F67F72E404218E4CB54 /* Listing.swift in Sources */,
				68FB4556F13940AD4AB4FEF3 /* Review.swift in Sources */,
				E4CA63EB333C07E3BE27F844 /* User.swift in Sources */,
				999C6545F1B996844FDC02A0 /* AuthRepository.swift in Sources */,
				54BE310109477D83FF4607C7 /* ImageRepository.swift in Sources */,
				003B3D471A4F0FF99FBBC6E6 /* ListingRepository.swift in Sources */,
				F543B21D2392C674F756CA51 /* ReviewRepository.swift in Sources */,
				3A1E26D81A6BE3D0B11A06F6 /* AuthViewModel.swift in Sources */,
				E1C45F17253A76E14650FBD0 /* CreateListingViewModel.swift in Sources */,
				FDB214478610F3D0BCC50393 /* ListingDetailViewModel.swift in Sources */,
				856F8505A2495FD1DF22A35D /* ListingListViewModel.swift in Sources */,
				0193B9EE49FB52E22B936C5C /* ReviewViewModel.swift in Sources */,
				C4C26A061761CB65426FDA9B /* LoginView.swift in Sources */,
				2D2E1A3B56F7AE0C4FD30F84 /* RegisterView.swift in Sources */,
				4E9EF7821D693D7A0EE002A1 /* CreateListingView.swift in Sources */,
				08063A87DA2581A56B2B4CA5 /* ImageCarouselView.swift in Sources */,
				A51FC03998D5E3591CA0E981 /* ListingDetailView.swift in Sources */,
				936E6836C945CC49C8E4FB3F /* ReviewRowView.swift in Sources */,
				B46B1E20E83581399B1CBEC4 /* HomeView.swift in Sources */,
				12A41568476E88EB98DEF01E /* ListingCardView.swift in Sources */,
				A10564B70A1D8ED407D46EBA /* ListingsMapView.swift in Sources */,
				FA46E6618C0B76BDCAC563DB /* ProfileView.swift in Sources */,
			);
			runOnlyForDeploymentPostprocessing = 0;
		};

/* Begin XCBuildConfiguration section */
		DF798B7F2C8D40578AFEB040 /* Debug */ = {
			isa = XCBuildConfiguration;
			buildSettings = {
				ALWAYS_SEARCH_USER_PATHS = NO;
				ASSETCATALOG_COMPILER_GENERATE_SWIFT_ASSET_SYMBOL_EXTENSIONS = YES;
				CLANG_ANALYZER_NONNULL = YES;
				CLANG_ANALYZER_NUMBER_OBJECT_CONVERSION = YES_AGGRESSIVE;
				CLANG_CXX_LANGUAGE_STANDARD = "gnu++20";
				CLANG_CXX_LIBRARY = "libc++";
				CLANG_ENABLE_MODULES = YES;
				CLANG_ENABLE_OBJC_ARC = YES;
				CLANG_ENABLE_OBJC_WEAK = YES;
				CLANG_WARN_BLOCK_CAPTURE_AUTORELEASING = YES;
				CLANG_WARN_BOOL_CONVERSION = YES;
				CLANG_WARN_COMMA = YES;
				CLANG_WARN_CONSTANT_CONVERSION = YES;
				CLANG_WARN_DEPRECATED_OBJC_IMPLEMENTATIONS = YES;
				CLANG_WARN_DIRECT_OBJC_PREPROCESSOR_DEFINITIONS = YES;
				CLANG_WARN_DOCUMENTATION_COMMENTS = YES;
				CLANG_WARN_EMPTY_BODY = YES;
				CLANG_WARN_ENUM_CONVERSION = YES;
				CLANG_WARN_INFINITE_RECURSION = YES;
				CLANG_WARN_INT_CONVERSION = YES;
				CLANG_WARN_NON_LITERAL_NULL_CONVERSION = YES;
				CLANG_WARN_OBJC_IMPLICIT_RETAIN_SELF = YES;
				CLANG_WARN_OBJC_LITERAL_CONVERSION = YES;
				CLANG_WARN_OBJC_ROOT_CLASS = YES_ERROR;
				CLANG_WARN_QUOTED_INCLUDE_IN_FRAMEWORK_HEADER = YES;
				CLANG_WARN_RANGE_LOOP_ANALYSIS = YES;
				CLANG_WARN_STRICT_PROTOTYPES = YES;
				CLANG_WARN_SUSPICIOUS_MOVE = YES;
				CLANG_WARN_UNGUARDED_AVAILABILITY = YES_AGGRESSIVE;
				CLANG_WARN_UNREACHABLE_CODE = YES;
				CLANG_WARN__DUPLICATE_METHOD_MATCH = YES;
				COPY_PHASE_STRIP = NO;
				DEBUG_INFORMATION_FORMAT = dwarf;
				ENABLE_STRICT_OBJC_MSGSEND = YES;
				ENABLE_TESTABILITY = YES;
				ENABLE_USER_SCRIPT_SANDBOXING = NO;
				GCC_C_LANGUAGE_STANDARD = gnu17;
				GCC_DYNAMIC_NO_PIC = NO;
				GCC_NO_COMMON_BLOCKS = YES;
				GCC_OPTIMIZATION_LEVEL = 0;
				GCC_PREPROCESSOR_DEFINITIONS = (
					"DEBUG=1",
					"$(inherited)",
				);
				GCC_WARN_64_TO_32_BIT_CONVERSION = YES;
				GCC_WARN_ABOUT_RETURN_TYPE = YES_ERROR;
				GCC_WARN_UNDECLARED_SELECTOR = YES;
				GCC_WARN_UNINITIALIZED_ACTUAL = YES_AGGRESSIVE;
				GCC_WARN_UNUSED_FUNCTION = YES;
				GCC_WARN_UNUSED_VARIABLE = YES;
				IPHONEOS_DEPLOYMENT_TARGET = 17.0;
				MTL_ENABLE_DEBUG_INFO = INCLUDE_SOURCE;
				MTL_FAST_MATH = YES;
				ONLY_ACTIVE_ARCH = YES;
				SDKROOT = iphoneos;
				SWIFT_ACTIVE_COMPILATION_CONDITIONS = "DEBUG $(inherited)";
				SWIFT_OPTIMIZATION_LEVEL = "-Onone";
			};
			name = Debug;
		};
		DF798B802C8D40578AFEB040 /* Release */ = {
			isa = XCBuildConfiguration;
			buildSettings = {
				ALWAYS_SEARCH_USER_PATHS = NO;
				ASSETCATALOG_COMPILER_GENERATE_SWIFT_ASSET_SYMBOL_EXTENSIONS = YES;
				CLANG_ANALYZER_NONNULL = YES;
				CLANG_ANALYZER_NUMBER_OBJECT_CONVERSION = YES_AGGRESSIVE;
				CLANG_CXX_LANGUAGE_STANDARD = "gnu++20";
				CLANG_CXX_LIBRARY = "libc++";
				CLANG_ENABLE_MODULES = YES;
				CLANG_ENABLE_OBJC_ARC = YES;
				CLANG_ENABLE_OBJC_WEAK = YES;
				CLANG_WARN_BLOCK_CAPTURE_AUTORELEASING = YES;
				CLANG_WARN_BOOL_CONVERSION = YES;
				CLANG_WARN_COMMA = YES;
				CLANG_WARN_CONSTANT_CONVERSION = YES;
				CLANG_WARN_DEPRECATED_OBJC_IMPLEMENTATIONS = YES;
				CLANG_WARN_DIRECT_OBJC_PREPROCESSOR_DEFINITIONS = YES;
				CLANG_WARN_DOCUMENTATION_COMMENTS = YES;
				CLANG_WARN_EMPTY_BODY = YES;
				CLANG_WARN_ENUM_CONVERSION = YES;
				CLANG_WARN_INFINITE_RECURSION = YES;
				CLANG_WARN_INT_CONVERSION = YES;
				CLANG_WARN_NON_LITERAL_NULL_CONVERSION = YES;
				CLANG_WARN_OBJC_IMPLICIT_RETAIN_SELF = YES;
				CLANG_WARN_OBJC_LITERAL_CONVERSION = YES;
				CLANG_WARN_OBJC_ROOT_CLASS = YES_ERROR;
				CLANG_WARN_QUOTED_INCLUDE_IN_FRAMEWORK_HEADER = YES;
				CLANG_WARN_RANGE_LOOP_ANALYSIS = YES;
				CLANG_WARN_STRICT_PROTOTYPES = YES;
				CLANG_WARN_SUSPICIOUS_MOVE = YES;
				CLANG_WARN_UNGUARDED_AVAILABILITY = YES_AGGRESSIVE;
				CLANG_WARN_UNREACHABLE_CODE = YES;
				CLANG_WARN__DUPLICATE_METHOD_MATCH = YES;
				COPY_PHASE_STRIP = NO;
				DEBUG_INFORMATION_FORMAT = "dwarf-with-dsym";
				ENABLE_NS_ASSERTIONS = NO;
				ENABLE_USER_SCRIPT_SANDBOXING = NO;
				GCC_C_LANGUAGE_STANDARD = gnu17;
				GCC_NO_COMMON_BLOCKS = YES;
				GCC_WARN_64_TO_32_BIT_CONVERSION = YES;
				GCC_WARN_ABOUT_RETURN_TYPE = YES_ERROR;
				GCC_WARN_UNDECLARED_SELECTOR = YES;
				GCC_WARN_UNINITIALIZED_ACTUAL = YES_AGGRESSIVE;
				GCC_WARN_UNUSED_FUNCTION = YES;
				GCC_WARN_UNUSED_VARIABLE = YES;
				IPHONEOS_DEPLOYMENT_TARGET = 17.0;
				MTL_ENABLE_DEBUG_INFO = NO;
				MTL_FAST_MATH = YES;
				SDKROOT = iphoneos;
				SWIFT_COMPILATION_MODE = wholemodule;
			};
			name = Release;
		};
		DF798B812C8D40578AFEB040 /* Debug */ = {
			isa = XCBuildConfiguration;
			buildSettings = {
				ASSETCATALOG_COMPILER_APPICON_NAME = AppIcon;
				CODE_SIGN_STYLE = Automatic;
				CURRENT_PROJECT_VERSION = 1;
				DEVELOPMENT_TEAM = "";
				ENABLE_DEBUG_DYLIB = YES;
				ENABLE_PREVIEWS = YES;
				GENERATE_INFOPLIST_FILE = YES;
				INFOPLIST_KEY_UIApplicationSceneManifest_Generation = YES;
				INFOPLIST_KEY_UILaunchScreen_Generation = YES;
				LD_RUNPATH_SEARCH_PATHS = (
					"$(inherited)",
					"@executable_path/Frameworks",
				);
				MARKETING_VERSION = 1.0;
				PRODUCT_BUNDLE_IDENTIFIER = com.tripnest.app;
				PRODUCT_NAME = "$(TARGET_NAME)";
				SUPPORTED_PLATFORMS = "iphoneos iphonesimulator";
				SWIFT_EMIT_LOC_STRINGS = YES;
				SWIFT_VERSION = 5.9;
				TARGETED_DEVICE_FAMILY = "1,2";
			};
			name = Debug;
		};
		DF798B822C8D40578AFEB040 /* Release */ = {
			isa = XCBuildConfiguration;
			buildSettings = {
				ASSETCATALOG_COMPILER_APPICON_NAME = AppIcon;
				CODE_SIGN_STYLE = Automatic;
				CURRENT_PROJECT_VERSION = 1;
				DEVELOPMENT_TEAM = "";
				ENABLE_PREVIEWS = YES;
				GENERATE_INFOPLIST_FILE = YES;
				INFOPLIST_KEY_UIApplicationSceneManifest_Generation = YES;
				INFOPLIST_KEY_UILaunchScreen_Generation = YES;
				LD_RUNPATH_SEARCH_PATHS = (
					"$(inherited)",
					"@executable_path/Frameworks",
				);
				MARKETING_VERSION = 1.0;
				PRODUCT_BUNDLE_IDENTIFIER = com.tripnest.app;
				PRODUCT_NAME = "$(TARGET_NAME)";
				SUPPORTED_PLATFORMS = "iphoneos iphonesimulator";
				SWIFT_EMIT_LOC_STRINGS = YES;
				SWIFT_VERSION = 5.9;
				TARGETED_DEVICE_FAMILY = "1,2";
			};
			name = Release;
		};
/* End XCBuildConfiguration section */

/* Begin XCConfigurationList section */
		DF798B7D2C8D40578AFEB040 /* Build configuration list for PBXProject "TripNest" */ = {
			isa = XCConfigurationList;
			buildConfigurations = (
				DF798B7F2C8D40578AFEB040 /* Debug */,
				DF798B802C8D40578AFEB040 /* Release */,
			);
			defaultConfigurationIsVisible = 0;
			defaultConfigurationName = Release;
		};
		DF798B7E2C8D40578AFEB040 /* Build configuration list for PBXNativeTarget "TripNest" */ = {
			isa = XCConfigurationList;
			buildConfigurations = (
				DF798B812C8D40578AFEB040 /* Debug */,
				DF798B822C8D40578AFEB040 /* Release */,
			);
			defaultConfigurationIsVisible = 0;
			defaultConfigurationName = Release;
		};
/* End XCConfigurationList section */
	};
	rootObject = DF798B752C8D40578AFEB040 /* Project object */;
}
